{
  "name": "aemeath-desktop",
  "version": "0.1.0",
  "lockfileVersion": 3,
  "requires": true,
  "packages": {
    "": {
      "name": "aemeath-desktop",
      "version": "0.1.0",
      "dependencies": {
        "electron-log": "^5.4.4"
      }
    },
    "node_modules/electron-log": {
      "version": "5.4.4",
      "resolved": "https://registry.npmjs.org/electron-log/-/electron-log-5.4.4.tgz",
      "integrity": "sha512-istWgaXjBfURBSS8LWVW9C3jsc6+ac+tY1lXrQEOTp0lVj+a4OlO1Tmqb36GgnEUDv92DGC9VI1HNXwJinWpgA==",
      "license": "MIT",
      "engines": {
        "node": ">= 14"
      }
    }
  }
}
